{
  "object": {
    "pins": [
      {
        "package": "ScrollViewProxy",
        "repositoryURL": "https://github.com/back-87/ScrollViewProxy.git",
        "state": {
          "branch": null,
          "revision": "777e769e8663ad8b6d95c3b582f111563f033e77",
          "version": "1.0.6"
        }
      },
      {
        "package": "Introspect",
        "repositoryURL": "https://github.com/siteline/SwiftUI-Introspect.git",
        "state": {
          "branch": null,
          "revision": "f2616860a41f9d9932da412a8978fec79c06fe24",
          "version": "0.1.4"
        }
      }
    ]
  },
  "version": 1
}
